
Microsoft Visual Studio Solution File, Format Version 12.00
# Visual Studio Version 16
VisualStudioVersion = 16.0.31025.109
MinimumVisualStudioVersion = 10.0.40219.1
Project("{FAE04EC0-301F-11D3-BF4B-00C04F79EFBC}") = "IdentityServerWeb", "IdentityServerWeb\IdentityServerWeb.csproj", "{F8D82003-686B-4E3A-A892-CE83BCC6F707}"
EndProject
Global
	GlobalSection(SolutionConfigurationPlatforms) = preSolution
		Debug|Any CPU = Debug|Any CPU
		Release|Any CPU = Release|Any CPU
	EndGlobalSection
	GlobalSection(ProjectConfigurationPlatforms) = postSolution
		{F8D82003-686B-4E3A-A892-CE83BCC6F707}.Debug|Any CPU.ActiveCfg = Debug|Any CPU
		{F8D82003-686B-4E3A-A892-CE83BCC6F707}.Debug|Any CPU.Build.0 = Debug|Any CPU
		{F8D82003-686B-4E3A-A892-CE83BCC6F707}.Release|Any CPU.ActiveCfg = Release|Any CPU
		{F8D82003-686B-4E3A-A892-CE83BCC6F707}.Release|Any CPU.Build.0 = Release|Any CPU
	EndGlobalSection
	GlobalSection(SolutionProperties) = preSolution
		HideSolutionNode = FALSE
	EndGlobalSection
	GlobalSection(ExtensibilityGlobals) = postSolution
		SolutionGuid = {662CC303-CBCD-4550-A14A-EF8905C736CC}
	EndGlobalSection
EndGlobal
